github.com/mattn/go-isatty v0.0.20 h1:xfD0iDuEKnDkl03q4limB+vH+GxLEtL/jb4xVJSWWEY=
github.com/mattn/go-isatty v0.0.20/go.mod h1:W+V8PltTTMOvKvAeJH7IuucS94S2C6jfK/D7dTCTo3Y=
github.com/omilevskyi/go v0.0.0-20250712171108-8e7821e767c3 h1:132gPBH+IWLUHJWCiegDhMNIRjphObCq/cF+9GPThUE=
github.com/omilevskyi/go v0.0.0-20250712171108-8e7821e767c3/go.mod h1:NokdtcdQQ1Zo19Dfkqli4CTLoo+4HfpXjfBXxhqmsTY=
golang.org/x/sys v0.6.0/go.mod h1:oPkhp1MJrh7nUepCBck5+mAzfO9JrbApNNgaTdGDITg=
golang.org/x/sys v0.34.0 h1:H5Y5sJ2L2JRdyv7ROF1he/lPdvFsd0mJHFw2ThKHxLA=
golang.org/x/sys v0.34.0/go.mod h1:BJP2sWEmIv4KK5OTEluFJCKSidICx8ciO85XgH3Ak8k=
