github.com/mattn/go-isatty v0.0.20 h1:xfD0iDuEKnDkl03q4limB+vH+GxLEtL/jb4xVJSWWEY=
github.com/mattn/go-isatty v0.0.20/go.mod h1:W+V8PltTTMOvKvAeJH7IuucS94S2C6jfK/D7dTCTo3Y=
github.com/omilevskyi/go v0.0.0-20250719200412-94d67e5c3c23 h1:ucSTTsZ6I7fMfU9nPEXaOxc96W/VMpvz4qz2GHgDnUc=
github.com/omilevskyi/go v0.0.0-20250719200412-94d67e5c3c23/go.mod h1:NokdtcdQQ1Zo19Dfkqli4CTLoo+4HfpXjfBXxhqmsTY=
golang.org/x/sys v0.6.0/go.mod h1:oPkhp1MJrh7nUepCBck5+mAzfO9JrbApNNgaTdGDITg=
golang.org/x/sys v0.41.0 h1:Ivj+2Cp/ylzLiEU89QhWblYnOE9zerudt9Ftecq2C6k=
golang.org/x/sys v0.41.0/go.mod h1:OgkHotnGiDImocRcuBABYBEXf8A9a87e/uXjp9XT3ks=
